github.com/c2fo/testify v0.0.0-20150827203832-fba96363964a h1:lXGVReN5qeiyu6AZpIgYJN1PoXSy1koT3nUP3ZRMWm0=
github.com/c2fo/testify v0.0.0-20150827203832-fba96363964a/go.mod h1:NWprYCk3t+OPBp2UnxQ39EF9vPpUzoMr498TiqMA8jU=
github.com/doug-martin/goqu v5.0.0+incompatible h1:C7O6xQYoWpSGX32C1faMJWe1s82Ktr2jjWf2joReiSQ=
github.com/doug-martin/goqu v5.0.0+incompatible/go.mod h1:4xBntUHXkdIh+CnYd+I2kdHgUTq1kJ+p7OBCngg7RrY=
github.com/mattn/go-sqlite3 v1.14.14 h1:qZgc/Rwetq+MtyE18WhzjokPD93dNqLGNT3QJuLvBGw=
github.com/mattn/go-sqlite3 v1.14.14/go.mod h1:NyWgC/yNuGj7Q9rpYnZvas74GogHl5/Z4A/KQRfk6bU=
gopkg.in/DATA-DOG/go-sqlmock.v1 v1.3.0 h1:FVCohIoYO7IJoDDVpV2pdq7SgrMH6wHnuTyrdrxJNoY=
gopkg.in/DATA-DOG/go-sqlmock.v1 v1.3.0/go.mod h1:OdE7CF6DbADk7lN8LIKRzRJTTZXIjtWgA5THM5lhBAw=
gopkg.in/doug-martin/goqu.v5 v5.0.0 h1:Fvtn3X+rtJEvdQ0wtHIarW2hirIpNGTcsYDVb8U3KMU=
gopkg.in/doug-martin/goqu.v5 v5.0.0/go.mod h1:gww7TbY44c66k7xxn7MbZE0VJQY/HfJ3Njebcr7r9dk=
